
Microsoft Visual Studio Solution File, Format Version 12.00
# Visual Studio Version 17
VisualStudioVersion = 17.8.34511.84
MinimumVisualStudioVersion = 10.0.40219.1
Project("{FAE04EC0-301F-11D3-BF4B-00C04F79EFBC}") = "PrimeiroApp", "PrimeiroApp\PrimeiroApp.csproj", "{C0B2CAC1-1F39-4B3B-A44D-080B86AC5CE5}"
EndProject
Global
	GlobalSection(SolutionConfigurationPlatforms) = preSolution
		Debug|Any CPU = Debug|Any CPU
		Release|Any CPU = Release|Any CPU
	EndGlobalSection
	GlobalSection(ProjectConfigurationPlatforms) = postSolution
		{C0B2CAC1-1F39-4B3B-A44D-080B86AC5CE5}.Debug|Any CPU.ActiveCfg = Debug|Any CPU
		{C0B2CAC1-1F39-4B3B-A44D-080B86AC5CE5}.Debug|Any CPU.Build.0 = Debug|Any CPU
		{C0B2CAC1-1F39-4B3B-A44D-080B86AC5CE5}.Debug|Any CPU.Deploy.0 = Debug|Any CPU
		{C0B2CAC1-1F39-4B3B-A44D-080B86AC5CE5}.Release|Any CPU.ActiveCfg = Release|Any CPU
		{C0B2CAC1-1F39-4B3B-A44D-080B86AC5CE5}.Release|Any CPU.Build.0 = Release|Any CPU
		{C0B2CAC1-1F39-4B3B-A44D-080B86AC5CE5}.Release|Any CPU.Deploy.0 = Release|Any CPU
	EndGlobalSection
	GlobalSection(SolutionProperties) = preSolution
		HideSolutionNode = FALSE
	EndGlobalSection
	GlobalSection(ExtensibilityGlobals) = postSolution
		SolutionGuid = {A0BB62C6-836F-4130-9FAE-DA55DD8F0A34}
	EndGlobalSection
EndGlobal
